{
  "name": "@chindada/panther",
  "version": "0.0.0",
  "lockfileVersion": 3,
  "requires": true,
  "packages": {
    "": {
      "name": "@chindada/panther",
      "version": "0.0.0",
      "license": "ISC",
      "dependencies": {
        "@protobuf-ts/runtime": "^2.11.0",
        "@protobuf-ts/runtime-rpc": "^2.11.0"
      }
    },
    "node_modules/@protobuf-ts/runtime": {
      "version": "2.11.0",
      "resolved": "https://registry.npmjs.org/@protobuf-ts/runtime/-/runtime-2.11.0.tgz",
      "integrity": "sha512-DfpRpUiNvPC3Kj48CmlU4HaIEY1Myh++PIumMmohBAk8/k0d2CkxYxJfPyUAxfuUfl97F4AvuCu1gXmfOG7OJQ==",
      "license": "(Apache-2.0 AND BSD-3-Clause)"
    },
    "node_modules/@protobuf-ts/runtime-rpc": {
      "version": "2.11.0",
      "resolved": "https://registry.npmjs.org/@protobuf-ts/runtime-rpc/-/runtime-rpc-2.11.0.tgz",
      "integrity": "sha512-g/oMPym5LjVyCc3nlQc6cHer0R3CyleBos4p7CjRNzdKuH/FlRXzfQYo6EN5uv8vLtn7zEK9Cy4YBKvHStIaag==",
      "license": "Apache-2.0",
      "dependencies": {
        "@protobuf-ts/runtime": "^2.11.0"
      }
    }
  }
}
